
Microsoft Visual Studio Solution File, Format Version 12.00
# Visual Studio 15
VisualStudioVersion = 15.0.28307.106
MinimumVisualStudioVersion = 10.0.40219.1
Project("{FAE04EC0-301F-11D3-BF4B-00C04F79EFBC}") = "Yearparty", "Yearparty\Yearparty.csproj", "{FDB3A12C-5EA5-4F6E-9C7B-0473ED7B4955}"
EndProject
Global
	GlobalSection(SolutionConfigurationPlatforms) = preSolution
		Debug|Any CPU = Debug|Any CPU
		Release|Any CPU = Release|Any CPU
	EndGlobalSection
	GlobalSection(ProjectConfigurationPlatforms) = postSolution
		{FDB3A12C-5EA5-4F6E-9C7B-0473ED7B4955}.Debug|Any CPU.ActiveCfg = Debug|Any CPU
		{FDB3A12C-5EA5-4F6E-9C7B-0473ED7B4955}.Debug|Any CPU.Build.0 = Debug|Any CPU
		{FDB3A12C-5EA5-4F6E-9C7B-0473ED7B4955}.Release|Any CPU.ActiveCfg = Release|Any CPU
		{FDB3A12C-5EA5-4F6E-9C7B-0473ED7B4955}.Release|Any CPU.Build.0 = Release|Any CPU
	EndGlobalSection
	GlobalSection(SolutionProperties) = preSolution
		HideSolutionNode = FALSE
	EndGlobalSection
	GlobalSection(ExtensibilityGlobals) = postSolution
		SolutionGuid = {90A832C8-121E-45F8-A8EA-E2C20B31FED3}
	EndGlobalSection
EndGlobal
